// !$*UTF8*$!
{
	archiveVersion = 1;
	classes = {
	};
	objectVersion = 56;
	objects = {

/* Begin PBXBuildFile section */
		C915E22D297CFDE800826B8A /* Xengine.dll in Frameworks */ = {isa = PBXBuildFile; fileRef = C915E22C297CFDE800826B8A /* Xengine.dll */; };
		C9FF9EB9297BC638001538FB /* SDL2.framework in Frameworks */ = {isa = PBXBuildFile; fileRef = C9FF9EB8297BC638001538FB /* SDL2.framework */; };
		C9FF9EBB297BCA34001538FB /* OpenGL.framework in Frameworks */ = {isa = PBXBuildFile; fileRef = C9FF9EBA297BCA34001538FB /* OpenGL.framework */; };
		C9FF9EC2297BD12D001538FB /* Renderer.cpp in Sources */ = {isa = PBXBuildFile; fileRef = C9FF9EC0297BD12D001538FB /* Renderer.cpp */; };
		C9FF9EC6297BD215001538FB /* Model.cpp in Sources */ = {isa = PBXBuildFile; fileRef = C9FF9EC4297BD215001538FB /* Model.cpp */; };
		C9FF9EC9297BD8AF001538FB /* Entity.cpp in Sources */ = {isa = PBXBuildFile; fileRef = C9FF9EC7297BD8AF001538FB /* Entity.cpp */; };
		C9FF9ECC297BDA02001538FB /* ModelEntity.cpp in Sources */ = {isa = PBXBuildFile; fileRef = C9FF9ECA297BDA02001538FB /* ModelEntity.cpp */; };
		C9FF9ED0297BE792001538FB /* Materials.cpp in Sources */ = {isa = PBXBuildFile; fileRef = C9FF9ECE297BE792001538FB /* Materials.cpp */; };
		C9FF9ED3297CA663001538FB /* Mesh.cpp in Sources */ = {isa = PBXBuildFile; fileRef = C9FF9ED1297CA663001538FB /* Mesh.cpp */; };
		C9FF9EDB297CBF0F001538FB /* Inputs.cpp in Sources */ = {isa = PBXBuildFile; fileRef = C9FF9ED9297CBF0F001538FB /* Inputs.cpp */; };
		C9FF9EEB297CF185001538FB /* main.cpp in Sources */ = {isa = PBXBuildFile; fileRef = C9FF9EB5297BC5DB001538FB /* main.cpp */; };
/* End PBXBuildFile section */

/* Begin PBXCopyFilesBuildPhase section */
		C927C489297BC54B001DD1DC /* CopyFiles */ = {
			isa = PBXCopyFilesBuildPhase;
			buildActionMask = 2147483647;
			dstPath = /usr/share/man/man1/;
			dstSubfolderSpec = 0;
			files = (
			);
			runOnlyForDeploymentPostprocessing = 1;
		};
/* End PBXCopyFilesBuildPhase section */

/* Begin PBXFileReference section */
		C915E22C297CFDE800826B8A /* Xengine.dll */ = {isa = PBXFileReference; lastKnownFileType = file; name = Xengine.dll; path = bin/Debug/net7.0/Xengine.dll; sourceTree = "<group>"; };
		C927C48B297BC54B001DD1DC /* Xengine */ = {isa = PBXFileReference; explicitFileType = "compiled.mach-o.executable"; includeInIndex = 0; path = Xengine; sourceTree = BUILT_PRODUCTS_DIR; };
		C9FF9EB5297BC5DB001538FB /* main.cpp */ = {isa = PBXFileReference; fileEncoding = 4; lastKnownFileType = sourcecode.cpp.cpp; path = main.cpp; sourceTree = "<group>"; };
		C9FF9EB8297BC638001538FB /* SDL2.framework */ = {isa = PBXFileReference; lastKnownFileType = wrapper.framework; name = SDL2.framework; path = ../../../Library/Frameworks/SDL2.framework; sourceTree = "<group>"; };
		C9FF9EBA297BCA34001538FB /* OpenGL.framework */ = {isa = PBXFileReference; lastKnownFileType = wrapper.framework; name = OpenGL.framework; path = System/Library/Frameworks/OpenGL.framework; sourceTree = SDKROOT; };
		C9FF9EC0297BD12D001538FB /* Renderer.cpp */ = {isa = PBXFileReference; fileEncoding = 4; lastKnownFileType = sourcecode.cpp.cpp; name = Renderer.cpp; path = src/engine/Render/Renderer.cpp; sourceTree = SOURCE_ROOT; };
		C9FF9EC1297BD12D001538FB /* Renderer.hpp */ = {isa = PBXFileReference; fileEncoding = 4; lastKnownFileType = sourcecode.cpp.h; name = Renderer.hpp; path = src/engine/Render/Renderer.hpp; sourceTree = SOURCE_ROOT; };
		C9FF9EC4297BD215001538FB /* Model.cpp */ = {isa = PBXFileReference; lastKnownFileType = sourcecode.cpp.cpp; path = Model.cpp; sourceTree = "<group>"; };
		C9FF9EC5297BD215001538FB /* Model.hpp */ = {isa = PBXFileReference; lastKnownFileType = sourcecode.cpp.h; path = Model.hpp; sourceTree = "<group>"; };
		C9FF9EC7297BD8AF001538FB /* Entity.cpp */ = {isa = PBXFileReference; lastKnownFileType = sourcecode.cpp.cpp; path = Entity.cpp; sourceTree = "<group>"; };
		C9FF9EC8297BD8AF001538FB /* Entity.hpp */ = {isa = PBXFileReference; lastKnownFileType = sourcecode.cpp.h; path = Entity.hpp; sourceTree = "<group>"; };
		C9FF9ECA297BDA02001538FB /* ModelEntity.cpp */ = {isa = PBXFileReference; lastKnownFileType = sourcecode.cpp.cpp; path = ModelEntity.cpp; sourceTree = "<group>"; };
		C9FF9ECB297BDA02001538FB /* ModelEntity.hpp */ = {isa = PBXFileReference; lastKnownFileType = sourcecode.cpp.h; path = ModelEntity.hpp; sourceTree = "<group>"; };
		C9FF9ECE297BE792001538FB /* Materials.cpp */ = {isa = PBXFileReference; lastKnownFileType = sourcecode.cpp.cpp; name = Materials.cpp; path = src/Engine/Xengine/Materials.cpp; sourceTree = SOURCE_ROOT; };
		C9FF9ECF297BE792001538FB /* Materials.hpp */ = {isa = PBXFileReference; lastKnownFileType = sourcecode.cpp.h; name = Materials.hpp; path = src/Engine/Xengine/Materials.hpp; sourceTree = SOURCE_ROOT; };
		C9FF9ED1297CA663001538FB /* Mesh.cpp */ = {isa = PBXFileReference; lastKnownFileType = sourcecode.cpp.cpp; name = Mesh.cpp; path = src/Engine/Xengine/Mesh.cpp; sourceTree = SOURCE_ROOT; };
		C9FF9ED2297CA663001538FB /* Mesh.hpp */ = {isa = PBXFileReference; lastKnownFileType = sourcecode.cpp.h; name = Mesh.hpp; path = src/Engine/Xengine/Mesh.hpp; sourceTree = SOURCE_ROOT; };
		C9FF9ED4297CADDD001538FB /* libGLEW.2.2.0.dylib */ = {isa = PBXFileReference; lastKnownFileType = "compiled.mach-o.dylib"; name = libGLEW.2.2.0.dylib; path = ../../../opt/homebrew/Cellar/glew/2.2.0_1/lib/libGLEW.2.2.0.dylib; sourceTree = "<group>"; };
		C9FF9ED6297CB1E8001538FB /* libGLEW.a */ = {isa = PBXFileReference; lastKnownFileType = archive.ar; name = libGLEW.a; path = ../../../opt/homebrew/Cellar/glew/2.2.0_1/lib/libGLEW.a; sourceTree = "<group>"; };
		C9FF9ED9297CBF0F001538FB /* Inputs.cpp */ = {isa = PBXFileReference; lastKnownFileType = sourcecode.cpp.cpp; name = Inputs.cpp; path = src/Engine/Render/Inputs.cpp; sourceTree = SOURCE_ROOT; };
		C9FF9EDA297CBF0F001538FB /* Inputs.hpp */ = {isa = PBXFileReference; lastKnownFileType = sourcecode.cpp.h; name = Inputs.hpp; path = src/Engine/Render/Inputs.hpp; sourceTree = SOURCE_ROOT; };
		C9FF9EE6297CF087001538FB /* Main.cs */ = {isa = PBXFileReference; lastKnownFileType = text; name = Main.cs; path = src/engine/Project/Main.cs; sourceTree = SOURCE_ROOT; };
		C9FF9EF6297CF903001538FB /* CSInterop.h */ = {isa = PBXFileReference; lastKnownFileType = sourcecode.c.h; name = CSInterop.h; path = src/Engine/Project/CSInterop.h; sourceTree = SOURCE_ROOT; };
/* End PBXFileReference section */

/* Begin PBXFrameworksBuildPhase section */
		C927C488297BC54B001DD1DC /* Frameworks */ = {
			isa = PBXFrameworksBuildPhase;
			buildActionMask = 2147483647;
			files = (
				C915E22D297CFDE800826B8A /* Xengine.dll in Frameworks */,
				C9FF9EB9297BC638001538FB /* SDL2.framework in Frameworks */,
				C9FF9EBB297BCA34001538FB /* OpenGL.framework in Frameworks */,
			);
			runOnlyForDeploymentPostprocessing = 0;
		};
/* End PBXFrameworksBuildPhase section */

/* Begin PBXGroup section */
		C927C482297BC54B001DD1DC = {
			isa = PBXGroup;
			children = (
				C9FF9EC3297BD1AA001538FB /* Engine */,
				C927C48C297BC54B001DD1DC /* Products */,
				C9FF9EB7297BC638001538FB /* Frameworks */,
			);
			sourceTree = "<group>";
		};
		C927C48C297BC54B001DD1DC /* Products */ = {
			isa = PBXGroup;
			children = (
				C927C48B297BC54B001DD1DC /* Xengine */,
			);
			name = Products;
			sourceTree = "<group>";
		};
		C9FF9EB7297BC638001538FB /* Frameworks */ = {
			isa = PBXGroup;
			children = (
				C915E22C297CFDE800826B8A /* Xengine.dll */,
				C9FF9ED6297CB1E8001538FB /* libGLEW.a */,
				C9FF9ED4297CADDD001538FB /* libGLEW.2.2.0.dylib */,
				C9FF9EBA297BCA34001538FB /* OpenGL.framework */,
				C9FF9EB8297BC638001538FB /* SDL2.framework */,
			);
			name = Frameworks;
			sourceTree = "<group>";
		};
		C9FF9EBF297BCF2A001538FB /* Render */ = {
			isa = PBXGroup;
			children = (
				C9FF9ED9297CBF0F001538FB /* Inputs.cpp */,
				C9FF9EDA297CBF0F001538FB /* Inputs.hpp */,
				C9FF9EC0297BD12D001538FB /* Renderer.cpp */,
				C9FF9EC1297BD12D001538FB /* Renderer.hpp */,
			);
			name = Render;
			path = ../Engine/Render;
			sourceTree = "<group>";
		};
		C9FF9EC3297BD1AA001538FB /* Engine */ = {
			isa = PBXGroup;
			children = (
				C9FF9EDC297CEEA1001538FB /* Project */,
				C9FF9ECD297BE61B001538FB /* Xengine */,
				C9FF9EB5297BC5DB001538FB /* main.cpp */,
				C9FF9EBF297BCF2A001538FB /* Render */,
			);
			name = Engine;
			path = src/engine;
			sourceTree = "<group>";
		};
		C9FF9ECD297BE61B001538FB /* Xengine */ = {
			isa = PBXGroup;
			children = (
				C9FF9ECB297BDA02001538FB /* ModelEntity.hpp */,
				C9FF9ECA297BDA02001538FB /* ModelEntity.cpp */,
				C9FF9EC8297BD8AF001538FB /* Entity.hpp */,
				C9FF9EC7297BD8AF001538FB /* Entity.cpp */,
				C9FF9EC5297BD215001538FB /* Model.hpp */,
				C9FF9EC4297BD215001538FB /* Model.cpp */,
				C9FF9ECE297BE792001538FB /* Materials.cpp */,
				C9FF9ECF297BE792001538FB /* Materials.hpp */,
				C9FF9ED1297CA663001538FB /* Mesh.cpp */,
				C9FF9ED2297CA663001538FB /* Mesh.hpp */,
			);
			path = Xengine;
			sourceTree = "<group>";
		};
		C9FF9EDC297CEEA1001538FB /* Project */ = {
			isa = PBXGroup;
			children = (
				C9FF9EE6297CF087001538FB /* Main.cs */,
				C9FF9EF6297CF903001538FB /* CSInterop.h */,
			);
			path = Project;
			sourceTree = "<group>";
		};
/* End PBXGroup section */

/* Begin PBXLegacyTarget section */
		C9FF9EF7297CF930001538FB /* Project */ = {
			isa = PBXLegacyTarget;
			buildArgumentsString = build;
			buildConfigurationList = C9FF9EF8297CF930001538FB /* Build configuration list for PBXLegacyTarget "Project" */;
			buildPhases = (
			);
			buildToolPath = /usr/local/share/dotnet/dotnet;
			buildWorkingDirectory = /Users/xenthio/Xengine;
			dependencies = (
			);
			name = Project;
			passBuildSettingsInEnvironment = 0;
			productName = Project;
		};
/* End PBXLegacyTarget section */

/* Begin PBXNativeTarget section */
		C927C48A297BC54B001DD1DC /* Xengine */ = {
			isa = PBXNativeTarget;
			buildConfigurationList = C927C492297BC54B001DD1DC /* Build configuration list for PBXNativeTarget "Xengine" */;
			buildPhases = (
				C927C487297BC54B001DD1DC /* Sources */,
				C927C488297BC54B001DD1DC /* Frameworks */,
				C927C489297BC54B001DD1DC /* CopyFiles */,
			);
			buildRules = (
			);
			dependencies = (
			);
			name = Xengine;
			productName = Xengine;
			productReference = C927C48B297BC54B001DD1DC /* Xengine */;
			productType = "com.apple.product-type.tool";
		};
/* End PBXNativeTarget section */

/* Begin PBXProject section */
		C927C483297BC54B001DD1DC /* Project object */ = {
			isa = PBXProject;
			attributes = {
				BuildIndependentTargetsInParallel = 1;
				LastUpgradeCheck = 1420;
				TargetAttributes = {
					C927C48A297BC54B001DD1DC = {
						CreatedOnToolsVersion = 14.2;
					};
					C9FF9EF7297CF930001538FB = {
						CreatedOnToolsVersion = 14.2;
					};
				};
			};
			buildConfigurationList = C927C486297BC54B001DD1DC /* Build configuration list for PBXProject "Xengine" */;
			compatibilityVersion = "Xcode 14.0";
			developmentRegion = en;
			hasScannedForEncodings = 0;
			knownRegions = (
				en,
				Base,
			);
			mainGroup = C927C482297BC54B001DD1DC;
			productRefGroup = C927C48C297BC54B001DD1DC /* Products */;
			projectDirPath = "";
			projectRoot = "";
			targets = (
				C927C48A297BC54B001DD1DC /* Xengine */,
				C9FF9EF7297CF930001538FB /* Project */,
			);
		};
/* End PBXProject section */

/* Begin PBXSourcesBuildPhase section */
		C927C487297BC54B001DD1DC /* Sources */ = {
			isa = PBXSourcesBuildPhase;
			buildActionMask = 2147483647;
			files = (
				C9FF9ECC297BDA02001538FB /* ModelEntity.cpp in Sources */,
				C9FF9EC6297BD215001538FB /* Model.cpp in Sources */,
				C9FF9ED0297BE792001538FB /* Materials.cpp in Sources */,
				C9FF9ED3297CA663001538FB /* Mesh.cpp in Sources */,
				C9FF9EC2297BD12D001538FB /* Renderer.cpp in Sources */,
				C9FF9EC9297BD8AF001538FB /* Entity.cpp in Sources */,
				C9FF9EEB297CF185001538FB /* main.cpp in Sources */,
				C9FF9EDB297CBF0F001538FB /* Inputs.cpp in Sources */,
			);
			runOnlyForDeploymentPostprocessing = 0;
		};
/* End PBXSourcesBuildPhase section */

/* Begin XCBuildConfiguration section */
		C927C490297BC54B001DD1DC /* Debug */ = {
			isa = XCBuildConfiguration;
			buildSettings = {
				ALWAYS_SEARCH_USER_PATHS = NO;
				CLANG_ANALYZER_NONNULL = YES;
				CLANG_ANALYZER_NUMBER_OBJECT_CONVERSION = YES_AGGRESSIVE;
				CLANG_CXX_LANGUAGE_STANDARD = "gnu++20";
				CLANG_ENABLE_MODULES = YES;
				CLANG_ENABLE_OBJC_ARC = YES;
				CLANG_ENABLE_OBJC_WEAK = YES;
				CLANG_WARN_BLOCK_CAPTURE_AUTORELEASING = YES;
				CLANG_WARN_BOOL_CONVERSION = YES;
				CLANG_WARN_COMMA = YES;
				CLANG_WARN_CONSTANT_CONVERSION = YES;
				CLANG_WARN_DEPRECATED_OBJC_IMPLEMENTATIONS = YES;
				CLANG_WARN_DIRECT_OBJC_ISA_USAGE = YES_ERROR;
				CLANG_WARN_DOCUMENTATION_COMMENTS = YES;
				CLANG_WARN_EMPTY_BODY = YES;
				CLANG_WARN_ENUM_CONVERSION = YES;
				CLANG_WARN_INFINITE_RECURSION = YES;
				CLANG_WARN_INT_CONVERSION = YES;
				CLANG_WARN_NON_LITERAL_NULL_CONVERSION = YES;
				CLANG_WARN_OBJC_IMPLICIT_RETAIN_SELF = YES;
				CLANG_WARN_OBJC_LITERAL_CONVERSION = YES;
				CLANG_WARN_OBJC_ROOT_CLASS = YES_ERROR;
				CLANG_WARN_QUOTED_INCLUDE_IN_FRAMEWORK_HEADER = YES;
				CLANG_WARN_RANGE_LOOP_ANALYSIS = YES;
				CLANG_WARN_STRICT_PROTOTYPES = YES;
				CLANG_WARN_SUSPICIOUS_MOVE = YES;
				CLANG_WARN_UNGUARDED_AVAILABILITY = YES_AGGRESSIVE;
				CLANG_WARN_UNREACHABLE_CODE = YES;
				CLANG_WARN__DUPLICATE_METHOD_MATCH = YES;
				COPY_PHASE_STRIP = NO;
				DEBUG_INFORMATION_FORMAT = dwarf;
				ENABLE_STRICT_OBJC_MSGSEND = YES;
				ENABLE_TESTABILITY = YES;
				GCC_C_LANGUAGE_STANDARD = gnu11;
				GCC_DYNAMIC_NO_PIC = NO;
				GCC_NO_COMMON_BLOCKS = YES;
				GCC_OPTIMIZATION_LEVEL = 0;
				GCC_PREPROCESSOR_DEFINITIONS = (
					"DEBUG=1",
					"$(inherited)",
				);
				GCC_WARN_64_TO_32_BIT_CONVERSION = YES;
				GCC_WARN_ABOUT_RETURN_TYPE = YES_ERROR;
				GCC_WARN_UNDECLARED_SELECTOR = YES;
				GCC_WARN_UNINITIALIZED_AUTOS = YES_AGGRESSIVE;
				GCC_WARN_UNUSED_FUNCTION = YES;
				GCC_WARN_UNUSED_VARIABLE = YES;
				HEADER_SEARCH_PATHS = (
					/opt/homebrew/Cellar/glew/2.2.0_1/include,
					/opt/homebrew/Cellar/glm/0.9.9.8/include,
				);
				LIBRARY_SEARCH_PATHS = /opt/homebrew/Cellar/glew/2.2.0_1/lib/;
				MACOSX_DEPLOYMENT_TARGET = 13.1;
				MTL_ENABLE_DEBUG_INFO = INCLUDE_SOURCE;
				MTL_FAST_MATH = YES;
				ONLY_ACTIVE_ARCH = YES;
				SDKROOT = macosx;
			};
			name = Debug;
		};
		C927C491297BC54B001DD1DC /* Release */ = {
			isa = XCBuildConfiguration;
			buildSettings = {
				ALWAYS_SEARCH_USER_PATHS = NO;
				CLANG_ANALYZER_NONNULL = YES;
				CLANG_ANALYZER_NUMBER_OBJECT_CONVERSION = YES_AGGRESSIVE;
				CLANG_CXX_LANGUAGE_STANDARD = "gnu++20";
				CLANG_ENABLE_MODULES = YES;
				CLANG_ENABLE_OBJC_ARC = YES;
				CLANG_ENABLE_OBJC_WEAK = YES;
				CLANG_WARN_BLOCK_CAPTURE_AUTORELEASING = YES;
				CLANG_WARN_BOOL_CONVERSION = YES;
				CLANG_WARN_COMMA = YES;
				CLANG_WARN_CONSTANT_CONVERSION = YES;
				CLANG_WARN_DEPRECATED_OBJC_IMPLEMENTATIONS = YES;
				CLANG_WARN_DIRECT_OBJC_ISA_USAGE = YES_ERROR;
				CLANG_WARN_DOCUMENTATION_COMMENTS = YES;
				CLANG_WARN_EMPTY_BODY = YES;
				CLANG_WARN_ENUM_CONVERSION = YES;
				CLANG_WARN_INFINITE_RECURSION = YES;
				CLANG_WARN_INT_CONVERSION = YES;
				CLANG_WARN_NON_LITERAL_NULL_CONVERSION = YES;
				CLANG_WARN_OBJC_IMPLICIT_RETAIN_SELF = YES;
				CLANG_WARN_OBJC_LITERAL_CONVERSION = YES;
				CLANG_WARN_OBJC_ROOT_CLASS = YES_ERROR;
				CLANG_WARN_QUOTED_INCLUDE_IN_FRAMEWORK_HEADER = YES;
				CLANG_WARN_RANGE_LOOP_ANALYSIS = YES;
				CLANG_WARN_STRICT_PROTOTYPES = YES;
				CLANG_WARN_SUSPICIOUS_MOVE = YES;
				CLANG_WARN_UNGUARDED_AVAILABILITY = YES_AGGRESSIVE;
				CLANG_WARN_UNREACHABLE_CODE = YES;
				CLANG_WARN__DUPLICATE_METHOD_MATCH = YES;
				COPY_PHASE_STRIP = NO;
				DEBUG_INFORMATION_FORMAT = "dwarf-with-dsym";
				ENABLE_NS_ASSERTIONS = NO;
				ENABLE_STRICT_OBJC_MSGSEND = YES;
				GCC_C_LANGUAGE_STANDARD = gnu11;
				GCC_NO_COMMON_BLOCKS = YES;
				GCC_WARN_64_TO_32_BIT_CONVERSION = YES;
				GCC_WARN_ABOUT_RETURN_TYPE = YES_ERROR;
				GCC_WARN_UNDECLARED_SELECTOR = YES;
				GCC_WARN_UNINITIALIZED_AUTOS = YES_AGGRESSIVE;
				GCC_WARN_UNUSED_FUNCTION = YES;
				GCC_WARN_UNUSED_VARIABLE = YES;
				HEADER_SEARCH_PATHS = (
					/opt/homebrew/Cellar/glew/2.2.0_1/include,
					/opt/homebrew/Cellar/glm/0.9.9.8/include,
				);
				LIBRARY_SEARCH_PATHS = /opt/homebrew/Cellar/glew/2.2.0_1/lib/;
				MACOSX_DEPLOYMENT_TARGET = 13.1;
				MTL_ENABLE_DEBUG_INFO = NO;
				MTL_FAST_MATH = YES;
				SDKROOT = macosx;
			};
			name = Release;
		};
		C927C493297BC54B001DD1DC /* Debug */ = {
			isa = XCBuildConfiguration;
			buildSettings = {
				CODE_SIGN_STYLE = Automatic;
				FRAMEWORK_SEARCH_PATHS = (
					"$(inherited)",
					"$(LOCAL_LIBRARY_DIR)/Frameworks",
				);
				LIBRARY_SEARCH_PATHS = (
					"$(inherited)",
					/opt/homebrew/Cellar/glew/2.2.0_1/lib,
				);
				OTHER_LDFLAGS = "-lGLEW";
				PRODUCT_NAME = "$(TARGET_NAME)";
			};
			name = Debug;
		};
		C927C494297BC54B001DD1DC /* Release */ = {
			isa = XCBuildConfiguration;
			buildSettings = {
				CODE_SIGN_STYLE = Automatic;
				FRAMEWORK_SEARCH_PATHS = (
					"$(inherited)",
					"$(LOCAL_LIBRARY_DIR)/Frameworks",
				);
				LIBRARY_SEARCH_PATHS = (
					"$(inherited)",
					/opt/homebrew/Cellar/glew/2.2.0_1/lib,
				);
				OTHER_LDFLAGS = "-lGLEW";
				PRODUCT_NAME = "$(TARGET_NAME)";
			};
			name = Release;
		};
		C9FF9EF9297CF930001538FB /* Debug */ = {
			isa = XCBuildConfiguration;
			buildSettings = {
				CODE_SIGN_STYLE = Automatic;
				DEBUGGING_SYMBOLS = YES;
				DEBUG_INFORMATION_FORMAT = dwarf;
				GCC_GENERATE_DEBUGGING_SYMBOLS = YES;
				GCC_OPTIMIZATION_LEVEL = 0;
				OTHER_CFLAGS = "";
				OTHER_LDFLAGS = "";
				PRODUCT_NAME = "$(TARGET_NAME)";
			};
			name = Debug;
		};
		C9FF9EFA297CF930001538FB /* Release */ = {
			isa = XCBuildConfiguration;
			buildSettings = {
				CODE_SIGN_STYLE = Automatic;
				DEBUG_INFORMATION_FORMAT = "dwarf-with-dsym";
				OTHER_CFLAGS = "";
				OTHER_LDFLAGS = "";
				PRODUCT_NAME = "$(TARGET_NAME)";
			};
			name = Release;
		};
/* End XCBuildConfiguration section */

/* Begin XCConfigurationList section */
		C927C486297BC54B001DD1DC /* Build configuration list for PBXProject "Xengine" */ = {
			isa = XCConfigurationList;
			buildConfigurations = (
				C927C490297BC54B001DD1DC /* Debug */,
				C927C491297BC54B001DD1DC /* Release */,
			);
			defaultConfigurationIsVisible = 0;
			defaultConfigurationName = Release;
		};
		C927C492297BC54B001DD1DC /* Build configuration list for PBXNativeTarget "Xengine" */ = {
			isa = XCConfigurationList;
			buildConfigurations = (
				C927C493297BC54B001DD1DC /* Debug */,
				C927C494297BC54B001DD1DC /* Release */,
			);
			defaultConfigurationIsVisible = 0;
			defaultConfigurationName = Release;
		};
		C9FF9EF8297CF930001538FB /* Build configuration list for PBXLegacyTarget "Project" */ = {
			isa = XCConfigurationList;
			buildConfigurations = (
				C9FF9EF9297CF930001538FB /* Debug */,
				C9FF9EFA297CF930001538FB /* Release */,
			);
			defaultConfigurationIsVisible = 0;
			defaultConfigurationName = Release;
		};
/* End XCConfigurationList section */
	};
	rootObject = C927C483297BC54B001DD1DC /* Project object */;
}
