
Microsoft Visual Studio Solution File, Format Version 12.00
# Visual Studio Version 16
VisualStudioVersion = 25.0.1704.3
MinimumVisualStudioVersion = 10.0.40219.1
Project("{FAE04EC0-301F-11D3-BF4B-00C04F79EFBC}") = "Xengine", "Xengine.csproj", "{402BEC83-8530-45AA-B27F-B43D63BFE812}"
EndProject
Global
	GlobalSection(SolutionConfigurationPlatforms) = preSolution
		Debug|Any CPU = Debug|Any CPU
		Release|Any CPU = Release|Any CPU
	EndGlobalSection
	GlobalSection(ProjectConfigurationPlatforms) = postSolution
		{402BEC83-8530-45AA-B27F-B43D63BFE812}.Debug|Any CPU.ActiveCfg = Debug|Any CPU
		{402BEC83-8530-45AA-B27F-B43D63BFE812}.Debug|Any CPU.Build.0 = Debug|Any CPU
		{402BEC83-8530-45AA-B27F-B43D63BFE812}.Release|Any CPU.ActiveCfg = Release|Any CPU
		{402BEC83-8530-45AA-B27F-B43D63BFE812}.Release|Any CPU.Build.0 = Release|Any CPU
	EndGlobalSection
	GlobalSection(SolutionProperties) = preSolution
		HideSolutionNode = FALSE
	EndGlobalSection
	GlobalSection(ExtensibilityGlobals) = postSolution
		SolutionGuid = {404BBA10-585D-4D46-B25B-A6F93FA9FBC9}
	EndGlobalSection
EndGlobal
